
Microsoft Visual Studio Solution File, Format Version 12.00
# Visual Studio 15
VisualStudioVersion = 15.0.28307.902
MinimumVisualStudioVersion = 10.0.40219.1
Project("{9A19103F-16F7-4668-BE54-9A1E7A4F7556}") = "AdaptiveCardsBot", "AdaptiveCardsBot.csproj", "{0F7965A6-69E1-454E-BB74-2757A0E76E4B}"
EndProject
Project("{FAE04EC0-301F-11D3-BF4B-00C04F79EFBC}") = "WebAPI", "..\WebAPI\WebAPI.csproj", "{4AE050B9-6819-49C8-B810-B5F0FA9885C7}"
EndProject
Project("{FAE04EC0-301F-11D3-BF4B-00C04F79EFBC}") = "GlobalClassLibrary", "..\GlobalClassLibrary\GlobalClassLibrary.csproj", "{C0976CA2-2B3E-45E0-8B70-1FEA0E5E041E}"
EndProject
Global
	GlobalSection(SolutionConfigurationPlatforms) = preSolution
		Debug|Any CPU = Debug|Any CPU
		Release|Any CPU = Release|Any CPU
	EndGlobalSection
	GlobalSection(ProjectConfigurationPlatforms) = postSolution
		{0F7965A6-69E1-454E-BB74-2757A0E76E4B}.Debug|Any CPU.ActiveCfg = Debug|Any CPU
		{0F7965A6-69E1-454E-BB74-2757A0E76E4B}.Debug|Any CPU.Build.0 = Debug|Any CPU
		{0F7965A6-69E1-454E-BB74-2757A0E76E4B}.Release|Any CPU.ActiveCfg = Release|Any CPU
		{0F7965A6-69E1-454E-BB74-2757A0E76E4B}.Release|Any CPU.Build.0 = Release|Any CPU
		{4AE050B9-6819-49C8-B810-B5F0FA9885C7}.Debug|Any CPU.ActiveCfg = Debug|Any CPU
		{4AE050B9-6819-49C8-B810-B5F0FA9885C7}.Debug|Any CPU.Build.0 = Debug|Any CPU
		{4AE050B9-6819-49C8-B810-B5F0FA9885C7}.Release|Any CPU.ActiveCfg = Release|Any CPU
		{4AE050B9-6819-49C8-B810-B5F0FA9885C7}.Release|Any CPU.Build.0 = Release|Any CPU
		{C0976CA2-2B3E-45E0-8B70-1FEA0E5E041E}.Debug|Any CPU.ActiveCfg = Debug|Any CPU
		{C0976CA2-2B3E-45E0-8B70-1FEA0E5E041E}.Debug|Any CPU.Build.0 = Debug|Any CPU
		{C0976CA2-2B3E-45E0-8B70-1FEA0E5E041E}.Release|Any CPU.ActiveCfg = Release|Any CPU
		{C0976CA2-2B3E-45E0-8B70-1FEA0E5E041E}.Release|Any CPU.Build.0 = Release|Any CPU
	EndGlobalSection
	GlobalSection(SolutionProperties) = preSolution
		HideSolutionNode = FALSE
	EndGlobalSection
	GlobalSection(ExtensibilityGlobals) = postSolution
		SolutionGuid = {6F12C43F-4873-43F1-AF1E-108AD6E465B0}
	EndGlobalSection
EndGlobal
